{
  "nodes": {
    "flake-utils": {
      "locked": {
        "lastModified": 1644229661,
        "narHash": "sha256-1YdnJAsNy69bpcjuoKdOYQX0YxZBiCYZo4Twxerqv7k=",
        "owner": "numtide",
        "repo": "flake-utils",
        "rev": "3cecb5b042f7f209c56ffd8371b2711a290ec797",
        "type": "github"
      },
      "original": {
        "owner": "numtide",
        "repo": "flake-utils",
        "type": "github"
      }
    },
    "nix-filter": {
      "locked": {
        "lastModified": 1661201956,
        "narHash": "sha256-RizGJH/buaw9A2+fiBf9WnXYw4LZABB5kMAZIEE5/T8=",
        "owner": "numtide",
        "repo": "nix-filter",
        "rev": "3b821578685d661a10b563cba30b1861eec05748",
        "type": "github"
      },
      "original": {
        "owner": "numtide",
        "repo": "nix-filter",
        "type": "github"
      }
    },
    "nixpkgs": {
      "locked": {
        "lastModified": 1647656244,
        "narHash": "sha256-ac+C2mU3u/nKLjmeJ0+unzY0jHilx2W5BU7Oy1aRlJU=",
        "owner": "NixOS",
        "repo": "nixpkgs",
        "rev": "1455d44c7c7e9b19f5bb868e23140b977b6bc84c",
        "type": "github"
      },
      "original": {
        "owner": "NixOS",
        "ref": "master",
        "repo": "nixpkgs",
        "type": "github"
      }
    },
    "root": {
      "inputs": {
        "flake-utils": "flake-utils",
        "nix-filter": "nix-filter",
        "nixpkgs": "nixpkgs"
      }
    }
  },
  "root": "root",
  "version": 7
}
